
Microsoft Visual Studio Solution File, Format Version 12.00
# Visual Studio Version 17
VisualStudioVersion = 17.13.35931.197
MinimumVisualStudioVersion = 10.0.40219.1
Project("{8BC9CEB8-8B4A-11D0-8D11-00A0C91BC942}") = "Program", "Program\Program.vcxproj", "{35B990B1-9048-4FBF-ACCC-22468C236AAA}"
EndProject
Project("{8BC9CEB8-8B4A-11D0-8D11-00A0C91BC942}") = "Class1th stay", "Class1th\Class1th.vcxproj", "{FAB07384-BEA3-4C60-B0FD-C2C8C4DA3F64}"
EndProject
Project("{8BC9CEB8-8B4A-11D0-8D11-00A0C91BC942}") = "숙제용", "숙제용\숙제용.vcxproj", "{9B3ABBD9-C160-4EE6-981C-66C8372EF0A8}"
EndProject
Project("{8BC9CEB8-8B4A-11D0-8D11-00A0C91BC942}") = "연습장", "연습장\연습장.vcxproj", "{AD7E12AF-7D99-478C-8A73-E8413B0CE657}"
EndProject
Project("{8BC9CEB8-8B4A-11D0-8D11-00A0C91BC942}") = "Class2th클래스", "Class2th\Class2th.vcxproj", "{B1C0D48F-B33D-4586-BB21-FAE8385D7195}"
EndProject
Project("{8BC9CEB8-8B4A-11D0-8D11-00A0C91BC942}") = "Class3th (Contructor & Destructor)", "Class3th (Contructor & Destructor)\Class3th (Contructor & Destructor).vcxproj", "{3BFE8CC1-4675-4411-BE83-110F0AB4892D}"
EndProject
Project("{8BC9CEB8-8B4A-11D0-8D11-00A0C91BC942}") = "Class4th (Inheritance)", "Class4th (Inheritance)\Class4th (Inheritance).vcxproj", "{2BE63B45-0F90-4C27-A2DC-97BC27A9B09B}"
EndProject
Project("{8BC9CEB8-8B4A-11D0-8D11-00A0C91BC942}") = "Class5th(Ploy)", "Class5th(Ploy)\Class5th(Ploy).vcxproj", "{D53E5CC5-2BE2-4A8F-BD30-44E4FA8B7262}"
EndProject
Global
	GlobalSection(SolutionConfigurationPlatforms) = preSolution
		Debug|x64 = Debug|x64
		Debug|x86 = Debug|x86
		Release|x64 = Release|x64
		Release|x86 = Release|x86
	EndGlobalSection
	GlobalSection(ProjectConfigurationPlatforms) = postSolution
		{35B990B1-9048-4FBF-ACCC-22468C236AAA}.Debug|x64.ActiveCfg = Debug|x64
		{35B990B1-9048-4FBF-ACCC-22468C236AAA}.Debug|x64.Build.0 = Debug|x64
		{35B990B1-9048-4FBF-ACCC-22468C236AAA}.Debug|x86.ActiveCfg = Debug|Win32
		{35B990B1-9048-4FBF-ACCC-22468C236AAA}.Debug|x86.Build.0 = Debug|Win32
		{35B990B1-9048-4FBF-ACCC-22468C236AAA}.Release|x64.ActiveCfg = Release|x64
		{35B990B1-9048-4FBF-ACCC-22468C236AAA}.Release|x64.Build.0 = Release|x64
		{35B990B1-9048-4FBF-ACCC-22468C236AAA}.Release|x86.ActiveCfg = Release|Win32
		{35B990B1-9048-4FBF-ACCC-22468C236AAA}.Release|x86.Build.0 = Release|Win32
		{FAB07384-BEA3-4C60-B0FD-C2C8C4DA3F64}.Debug|x64.ActiveCfg = Debug|x64
		{FAB07384-BEA3-4C60-B0FD-C2C8C4DA3F64}.Debug|x64.Build.0 = Debug|x64
		{FAB07384-BEA3-4C60-B0FD-C2C8C4DA3F64}.Debug|x86.ActiveCfg = Debug|Win32
		{FAB07384-BEA3-4C60-B0FD-C2C8C4DA3F64}.Debug|x86.Build.0 = Debug|Win32
		{FAB07384-BEA3-4C60-B0FD-C2C8C4DA3F64}.Release|x64.ActiveCfg = Release|x64
		{FAB07384-BEA3-4C60-B0FD-C2C8C4DA3F64}.Release|x64.Build.0 = Release|x64
		{FAB07384-BEA3-4C60-B0FD-C2C8C4DA3F64}.Release|x86.ActiveCfg = Release|Win32
		{FAB07384-BEA3-4C60-B0FD-C2C8C4DA3F64}.Release|x86.Build.0 = Release|Win32
		{9B3ABBD9-C160-4EE6-981C-66C8372EF0A8}.Debug|x64.ActiveCfg = Debug|x64
		{9B3ABBD9-C160-4EE6-981C-66C8372EF0A8}.Debug|x64.Build.0 = Debug|x64
		{9B3ABBD9-C160-4EE6-981C-66C8372EF0A8}.Debug|x86.ActiveCfg = Debug|Win32
		{9B3ABBD9-C160-4EE6-981C-66C8372EF0A8}.Debug|x86.Build.0 = Debug|Win32
		{9B3ABBD9-C160-4EE6-981C-66C8372EF0A8}.Release|x64.ActiveCfg = Release|x64
		{9B3ABBD9-C160-4EE6-981C-66C8372EF0A8}.Release|x64.Build.0 = Release|x64
		{9B3ABBD9-C160-4EE6-981C-66C8372EF0A8}.Release|x86.ActiveCfg = Release|Win32
		{9B3ABBD9-C160-4EE6-981C-66C8372EF0A8}.Release|x86.Build.0 = Release|Win32
		{AD7E12AF-7D99-478C-8A73-E8413B0CE657}.Debug|x64.ActiveCfg = Debug|x64
		{AD7E12AF-7D99-478C-8A73-E8413B0CE657}.Debug|x64.Build.0 = Debug|x64
		{AD7E12AF-7D99-478C-8A73-E8413B0CE657}.Debug|x86.ActiveCfg = Debug|Win32
		{AD7E12AF-7D99-478C-8A73-E8413B0CE657}.Debug|x86.Build.0 = Debug|Win32
		{AD7E12AF-7D99-478C-8A73-E8413B0CE657}.Release|x64.ActiveCfg = Release|x64
		{AD7E12AF-7D99-478C-8A73-E8413B0CE657}.Release|x64.Build.0 = Release|x64
		{AD7E12AF-7D99-478C-8A73-E8413B0CE657}.Release|x86.ActiveCfg = Release|Win32
		{AD7E12AF-7D99-478C-8A73-E8413B0CE657}.Release|x86.Build.0 = Release|Win32
		{B1C0D48F-B33D-4586-BB21-FAE8385D7195}.Debug|x64.ActiveCfg = Debug|x64
		{B1C0D48F-B33D-4586-BB21-FAE8385D7195}.Debug|x64.Build.0 = Debug|x64
		{B1C0D48F-B33D-4586-BB21-FAE8385D7195}.Debug|x86.ActiveCfg = Debug|Win32
		{B1C0D48F-B33D-4586-BB21-FAE8385D7195}.Debug|x86.Build.0 = Debug|Win32
		{B1C0D48F-B33D-4586-BB21-FAE8385D7195}.Release|x64.ActiveCfg = Release|x64
		{B1C0D48F-B33D-4586-BB21-FAE8385D7195}.Release|x64.Build.0 = Release|x64
		{B1C0D48F-B33D-4586-BB21-FAE8385D7195}.Release|x86.ActiveCfg = Release|Win32
		{B1C0D48F-B33D-4586-BB21-FAE8385D7195}.Release|x86.Build.0 = Release|Win32
		{3BFE8CC1-4675-4411-BE83-110F0AB4892D}.Debug|x64.ActiveCfg = Debug|x64
		{3BFE8CC1-4675-4411-BE83-110F0AB4892D}.Debug|x64.Build.0 = Debug|x64
		{3BFE8CC1-4675-4411-BE83-110F0AB4892D}.Debug|x86.ActiveCfg = Debug|Win32
		{3BFE8CC1-4675-4411-BE83-110F0AB4892D}.Debug|x86.Build.0 = Debug|Win32
		{3BFE8CC1-4675-4411-BE83-110F0AB4892D}.Release|x64.ActiveCfg = Release|x64
		{3BFE8CC1-4675-4411-BE83-110F0AB4892D}.Release|x64.Build.0 = Release|x64
		{3BFE8CC1-4675-4411-BE83-110F0AB4892D}.Release|x86.ActiveCfg = Release|Win32
		{3BFE8CC1-4675-4411-BE83-110F0AB4892D}.Release|x86.Build.0 = Release|Win32
		{2BE63B45-0F90-4C27-A2DC-97BC27A9B09B}.Debug|x64.ActiveCfg = Debug|x64
		{2BE63B45-0F90-4C27-A2DC-97BC27A9B09B}.Debug|x64.Build.0 = Debug|x64
		{2BE63B45-0F90-4C27-A2DC-97BC27A9B09B}.Debug|x86.ActiveCfg = Debug|Win32
		{2BE63B45-0F90-4C27-A2DC-97BC27A9B09B}.Debug|x86.Build.0 = Debug|Win32
		{2BE63B45-0F90-4C27-A2DC-97BC27A9B09B}.Release|x64.ActiveCfg = Release|x64
		{2BE63B45-0F90-4C27-A2DC-97BC27A9B09B}.Release|x64.Build.0 = Release|x64
		{2BE63B45-0F90-4C27-A2DC-97BC27A9B09B}.Release|x86.ActiveCfg = Release|Win32
		{2BE63B45-0F90-4C27-A2DC-97BC27A9B09B}.Release|x86.Build.0 = Release|Win32
		{D53E5CC5-2BE2-4A8F-BD30-44E4FA8B7262}.Debug|x64.ActiveCfg = Debug|x64
		{D53E5CC5-2BE2-4A8F-BD30-44E4FA8B7262}.Debug|x64.Build.0 = Debug|x64
		{D53E5CC5-2BE2-4A8F-BD30-44E4FA8B7262}.Debug|x86.ActiveCfg = Debug|Win32
		{D53E5CC5-2BE2-4A8F-BD30-44E4FA8B7262}.Debug|x86.Build.0 = Debug|Win32
		{D53E5CC5-2BE2-4A8F-BD30-44E4FA8B7262}.Release|x64.ActiveCfg = Release|x64
		{D53E5CC5-2BE2-4A8F-BD30-44E4FA8B7262}.Release|x64.Build.0 = Release|x64
		{D53E5CC5-2BE2-4A8F-BD30-44E4FA8B7262}.Release|x86.ActiveCfg = Release|Win32
		{D53E5CC5-2BE2-4A8F-BD30-44E4FA8B7262}.Release|x86.Build.0 = Release|Win32
	EndGlobalSection
	GlobalSection(SolutionProperties) = preSolution
		HideSolutionNode = FALSE
	EndGlobalSection
	GlobalSection(ExtensibilityGlobals) = postSolution
		SolutionGuid = {6E153D74-E4B2-4752-88D2-F08213A4B85F}
	EndGlobalSection
EndGlobal
